
Microsoft Visual Studio Solution File, Format Version 12.00
Project("{FAE04EC0-301F-11D3-BF4B-00C04F79EFBC}") = "ImageMaskBenchmarks", "ImageMaskBenchmarks\ImageMaskBenchmarks.csproj", "{618C8C4E-2136-42D1-8D3B-3ACEAE7D417A}"
EndProject
Global
	GlobalSection(SolutionConfigurationPlatforms) = preSolution
		Debug|Any CPU = Debug|Any CPU
		Release|Any CPU = Release|Any CPU
	EndGlobalSection
	GlobalSection(ProjectConfigurationPlatforms) = postSolution
		{618C8C4E-2136-42D1-8D3B-3ACEAE7D417A}.Debug|Any CPU.ActiveCfg = Debug|Any CPU
		{618C8C4E-2136-42D1-8D3B-3ACEAE7D417A}.Debug|Any CPU.Build.0 = Debug|Any CPU
		{618C8C4E-2136-42D1-8D3B-3ACEAE7D417A}.Release|Any CPU.ActiveCfg = Release|Any CPU
		{618C8C4E-2136-42D1-8D3B-3ACEAE7D417A}.Release|Any CPU.Build.0 = Release|Any CPU
	EndGlobalSection
EndGlobal
